<?xml version="1.0" encoding="utf-8"?>
<Project ToolsVersion="4.0" xmlns="http://schemas.microsoft.com/developer/msbuild/2003">
  <ItemGroup>
    <Filter Include="Source Files">
      <UniqueIdentifier>{4FC737F1-C7A5-4376-A066-2A32D752A2FF}</UniqueIdentifier>
      <Extensions>cpp;c;cc;cxx;def;odl;idl;hpj;bat;asm;asmx</Extensions>
    </Filter>
    <Filter Include="Header Files">
      <UniqueIdentifier>{93995380-89BD-4b04-88EB-625FBE52EBFB}</UniqueIdentifier>
      <Extensions>h;hpp;hxx;hm;inl;inc;xsd</Extensions>
    </Filter>
    <Filter Include="Resource Files">
      <UniqueIdentifier>{67DA6AB6-F800-4c08-8B7A-83BB121AAD01}</UniqueIdentifier>
      <Extensions>rc;ico;cur;bmp;dlg;rc2;rct;bin;rgs;gif;jpg;jpeg;jpe;resx;tiff;tif;png;wav;mfcribbon-ms</Extensions>
    </Filter>
    <Filter Include="Header Files\Objects">
      <UniqueIdentifier>{c128f3d7-349e-4fe9-b817-52c53cc377ae}</UniqueIdentifier>
    </Filter>
    <Filter Include="Header Files\States">
      <UniqueIdentifier>{3424d7d8-7719-43d5-833e-f1ebf8bf41d8}</UniqueIdentifier>
    </Filter>
    <Filter Include="Header Files\Input">
      <UniqueIdentifier>{21610e66-b246-40aa-ae6a-c7a236d4ece5}</UniqueIdentifier>
    </Filter>
    <Filter Include="Header Files\Objects\Weapons">
      <UniqueIdentifier>{e85c544b-19da-4ba6-b0d8-4d8e12a05612}</UniqueIdentifier>
    </Filter>
    <Filter Include="Resource Files\Images">
      <UniqueIdentifier>{65090488-ba13-47ac-bc5c-d45a801ef0d4}</UniqueIdentifier>
    </Filter>
    <Filter Include="Source Files\States">
      <UniqueIdentifier>{47bdd59d-2f16-4357-8ad8-6e1cff84ac4a}</UniqueIdentifier>
    </Filter>
    <Filter Include="Source Files\Input">
      <UniqueIdentifier>{38bd7f38-5354-40e4-abda-e20f08d78ce6}</UniqueIdentifier>
    </Filter>
    <Filter Include="Source Files\Objects">
      <UniqueIdentifier>{b855bd23-34f6-4664-894d-38cc145a7e40}</UniqueIdentifier>
    </Filter>
    <Filter Include="Header Files\Physics">
      <UniqueIdentifier>{fe11cb75-39dd-4585-a199-ec01d9e58236}</UniqueIdentifier>
    </Filter>
    <Filter Include="Header Files\Physics\Collisions">
      <UniqueIdentifier>{4944902d-605e-4df0-b09f-6db3ea51a401}</UniqueIdentifier>
    </Filter>
    <Filter Include="Source Files\Physics">
      <UniqueIdentifier>{be18ca89-427f-46e4-a84e-b6ef5852f497}</UniqueIdentifier>
    </Filter>
    <Filter Include="Source Files\Physics\Collisions">
      <UniqueIdentifier>{562d17bc-66be-4fa7-923e-3b0ee27a1101}</UniqueIdentifier>
    </Filter>
    <Filter Include="Source Files\Objects\Weapons">
      <UniqueIdentifier>{297b8e52-4afc-4081-bc34-25431a8bafe6}</UniqueIdentifier>
    </Filter>
    <Filter Include="Header Files\Graphics">
      <UniqueIdentifier>{de0d7563-7954-4d5c-bb42-d61e1bca7f80}</UniqueIdentifier>
    </Filter>
    <Filter Include="Source Files\Graphics">
      <UniqueIdentifier>{c86334f3-e2c3-4072-b5c7-f550af03ade9}</UniqueIdentifier>
    </Filter>
    <Filter Include="Header Files\ArtificialIntelligence">
      <UniqueIdentifier>{1e55c57c-4630-4f1e-9e49-ebd0757ab6aa}</UniqueIdentifier>
    </Filter>
    <Filter Include="Source Files\ArtificialIntelligence">
      <UniqueIdentifier>{e1d94294-2880-4942-982f-8b2949632c52}</UniqueIdentifier>
    </Filter>
    <Filter Include="Header Files\Graphics\Gui">
      <UniqueIdentifier>{d52dc892-45a0-4281-bb7b-c75709bb4878}</UniqueIdentifier>
    </Filter>
    <Filter Include="Source Files\Graphics\Gui">
      <UniqueIdentifier>{d62e4d88-5cc0-45ae-bf75-484be797eab5}</UniqueIdentifier>
    </Filter>
    <Filter Include="Resource Files\Fonts">
      <UniqueIdentifier>{3b2e2fdf-04aa-4555-a0de-7591bab5b421}</UniqueIdentifier>
    </Filter>
    <Filter Include="Resource Files\Sounds">
      <UniqueIdentifier>{6241e45b-527d-4c6c-bdc6-309da1fbb893}</UniqueIdentifier>
    </Filter>
    <Filter Include="Header Files\Resources">
      <UniqueIdentifier>{56d3147e-f925-4996-9ec5-54a6647e28e3}</UniqueIdentifier>
    </Filter>
    <Filter Include="Source Files\Resources">
      <UniqueIdentifier>{2a4ce434-a3ac-44f0-ab98-3c8eaf4ad4ff}</UniqueIdentifier>
    </Filter>
    <Filter Include="Header Files\SaveData">
      <UniqueIdentifier>{7c0c55d4-0091-49e4-90e2-0c07c32c1eee}</UniqueIdentifier>
    </Filter>
    <Filter Include="Source Files\SaveData">
      <UniqueIdentifier>{dbaa75dc-d829-4a66-9293-67fa2f7dcd86}</UniqueIdentifier>
    </Filter>
  </ItemGroup>
  <ItemGroup>
    <ClCompile Include="src\main.cpp">
      <Filter>Source Files</Filter>
    </ClCompile>
    <ClCompile Include="src\GalacticEggSnatchersGame.cpp">
      <Filter>Source Files</Filter>
    </ClCompile>
    <ClCompile Include="src\States\GameplayState.cpp">
      <Filter>Source Files\States</Filter>
    </ClCompile>
    <ClCompile Include="src\Input\KeyboardController.cpp">
      <Filter>Source Files\Input</Filter>
    </ClCompile>
    <ClCompile Include="src\Objects\Alien.cpp">
      <Filter>Source Files\Objects</Filter>
    </ClCompile>
    <ClCompile Include="src\Objects\EasterBunny.cpp">
      <Filter>Source Files\Objects</Filter>
    </ClCompile>
    <ClCompile Include="src\Objects\EasterEgg.cpp">
      <Filter>Source Files\Objects</Filter>
    </ClCompile>
    <ClCompile Include="src\Physics\Collisions\CollisionSystem.cpp">
      <Filter>Source Files\Physics\Collisions</Filter>
    </ClCompile>
    <ClCompile Include="src\Objects\Weapons\Missile.cpp">
      <Filter>Source Files\Objects\Weapons</Filter>
    </ClCompile>
    <ClCompile Include="src\Objects\AlienFactory.cpp">
      <Filter>Source Files\Objects</Filter>
    </ClCompile>
    <ClCompile Include="src\ArtificialIntelligence\AlienAiBrain.cpp">
      <Filter>Source Files\ArtificialIntelligence</Filter>
    </ClCompile>
    <ClCompile Include="src\Objects\Explosion.cpp">
      <Filter>Source Files\Objects</Filter>
    </ClCompile>
    <ClCompile Include="src\Graphics\Gui\LivesLabel.cpp">
      <Filter>Source Files\Graphics\Gui</Filter>
    </ClCompile>
    <ClCompile Include="src\Graphics\Gui\ScoreLabel.cpp">
      <Filter>Source Files\Graphics\Gui</Filter>
    </ClCompile>
    <ClCompile Include="src\Graphics\Gui\HighScoreLabel.cpp">
      <Filter>Source Files\Graphics\Gui</Filter>
    </ClCompile>
    <ClCompile Include="src\Graphics\Gui\GameplayHud.cpp">
      <Filter>Source Files\Graphics\Gui</Filter>
    </ClCompile>
    <ClCompile Include="src\Objects\EasterEggFactory.cpp">
      <Filter>Source Files\Objects</Filter>
    </ClCompile>
    <ClCompile Include="src\Resources\ResourceManager.cpp">
      <Filter>Source Files\Resources</Filter>
    </ClCompile>
    <ClCompile Include="src\States\TitleState.cpp">
      <Filter>Source Files\States</Filter>
    </ClCompile>
    <ClCompile Include="src\States\CreditsState.cpp">
      <Filter>Source Files\States</Filter>
    </ClCompile>
    <ClCompile Include="src\States\HighScoresState.cpp">
      <Filter>Source Files\States</Filter>
    </ClCompile>
    <ClCompile Include="src\SaveData\HighScores.cpp">
      <Filter>Source Files\SaveData</Filter>
    </ClCompile>
    <ClCompile Include="src\Graphics\Gui\GameplayEndedLabel.cpp">
      <Filter>Source Files\Graphics\Gui</Filter>
    </ClCompile>
  </ItemGroup>
  <ItemGroup>
    <ClInclude Include="src\Objects\IGameObject.h">
      <Filter>Header Files\Objects</Filter>
    </ClInclude>
    <ClInclude Include="src\States\IGameState.h">
      <Filter>Header Files\States</Filter>
    </ClInclude>
    <ClInclude Include="src\Objects\Alien.h">
      <Filter>Header Files\Objects</Filter>
    </ClInclude>
    <ClInclude Include="src\Objects\EasterBunny.h">
      <Filter>Header Files\Objects</Filter>
    </ClInclude>
    <ClInclude Include="src\Objects\EasterEgg.h">
      <Filter>Header Files\Objects</Filter>
    </ClInclude>
    <ClInclude Include="src\Input\IInputController.h">
      <Filter>Header Files\Input</Filter>
    </ClInclude>
    <ClInclude Include="src\Objects\Weapons\Missile.h">
      <Filter>Header Files\Objects\Weapons</Filter>
    </ClInclude>
    <ClInclude Include="src\States\GameplayState.h">
      <Filter>Header Files\States</Filter>
    </ClInclude>
    <ClInclude Include="src\Objects\AllObjects.h">
      <Filter>Header Files\Objects</Filter>
    </ClInclude>
    <ClInclude Include="src\GalacticEggSnatchersGame.h">
      <Filter>Header Files</Filter>
    </ClInclude>
    <ClInclude Include="src\Input\KeyboardController.h">
      <Filter>Header Files\Input</Filter>
    </ClInclude>
    <ClInclude Include="src\States\TitleState.h">
      <Filter>Header Files\States</Filter>
    </ClInclude>
    <ClInclude Include="src\States\CreditsState.h">
      <Filter>Header Files\States</Filter>
    </ClInclude>
    <ClInclude Include="src\States\HighScoresState.h">
      <Filter>Header Files\States</Filter>
    </ClInclude>
    <ClInclude Include="src\States\AllStates.h">
      <Filter>Header Files\States</Filter>
    </ClInclude>
    <ClInclude Include="src\Physics\Collisions\ICollidable.h">
      <Filter>Header Files\Physics\Collisions</Filter>
    </ClInclude>
    <ClInclude Include="src\Physics\Collisions\CollisionSystem.h">
      <Filter>Header Files\Physics\Collisions</Filter>
    </ClInclude>
    <ClInclude Include="src\Graphics\IRenderable.h">
      <Filter>Header Files\Graphics</Filter>
    </ClInclude>
    <ClInclude Include="src\Objects\AlienFactory.h">
      <Filter>Header Files\Objects</Filter>
    </ClInclude>
    <ClInclude Include="src\ArtificialIntelligence\AlienAiBrain.h">
      <Filter>Header Files\ArtificialIntelligence</Filter>
    </ClInclude>
    <ClInclude Include="src\Objects\Explosion.h">
      <Filter>Header Files\Objects</Filter>
    </ClInclude>
    <ClInclude Include="src\Graphics\Gui\LivesLabel.h">
      <Filter>Header Files\Graphics\Gui</Filter>
    </ClInclude>
    <ClInclude Include="src\Graphics\Gui\ScoreLabel.h">
      <Filter>Header Files\Graphics\Gui</Filter>
    </ClInclude>
    <ClInclude Include="src\Graphics\Gui\HighScoreLabel.h">
      <Filter>Header Files\Graphics\Gui</Filter>
    </ClInclude>
    <ClInclude Include="src\Graphics\Gui\GameplayHud.h">
      <Filter>Header Files\Graphics\Gui</Filter>
    </ClInclude>
    <ClInclude Include="src\Objects\EasterEggFactory.h">
      <Filter>Header Files\Objects</Filter>
    </ClInclude>
    <ClInclude Include="src\Resources\ResourceManager.h">
      <Filter>Header Files\Resources</Filter>
    </ClInclude>
    <ClInclude Include="src\SaveData\HighScores.h">
      <Filter>Header Files\SaveData</Filter>
    </ClInclude>
    <ClInclude Include="src\Graphics\Gui\GameplayEndedLabel.h">
      <Filter>Header Files\Graphics\Gui</Filter>
    </ClInclude>
  </ItemGroup>
  <ItemGroup>
    <Image Include="res\Images\bunny.png">
      <Filter>Resource Files\Images</Filter>
    </Image>
    <Image Include="res\Images\carrot.png">
      <Filter>Resource Files\Images</Filter>
    </Image>
    <Image Include="res\Images\alien1.png">
      <Filter>Resource Files\Images</Filter>
    </Image>
    <Image Include="res\Images\alien2.png">
      <Filter>Resource Files\Images</Filter>
    </Image>
    <Image Include="res\Images\alienMissile1.png">
      <Filter>Resource Files\Images</Filter>
    </Image>
    <Image Include="res\Images\explosion1.png">
      <Filter>Resource Files\Images</Filter>
    </Image>
    <Image Include="res\Images\Egg04.png">
      <Filter>Resource Files\Images</Filter>
    </Image>
    <Image Include="res\Images\Egg05.png">
      <Filter>Resource Files\Images</Filter>
    </Image>
    <Image Include="res\Images\Egg06.png">
      <Filter>Resource Files\Images</Filter>
    </Image>
    <Image Include="res\Images\Egg07.png">
      <Filter>Resource Files\Images</Filter>
    </Image>
    <Image Include="res\Images\Egg08.png">
      <Filter>Resource Files\Images</Filter>
    </Image>
  </ItemGroup>
  <ItemGroup>
    <Font Include="res\Fonts\Minecraftia.ttf">
      <Filter>Resource Files\Fonts</Filter>
    </Font>
  </ItemGroup>
  <ItemGroup>
    <Media Include="res\Sounds\Explosion.wav">
      <Filter>Resource Files\Sounds</Filter>
    </Media>
    <Media Include="res\Sounds\MissileLaunch.wav">
      <Filter>Resource Files\Sounds</Filter>
    </Media>
  </ItemGroup>
</Project>